
Microsoft Visual Studio Solution File, Format Version 12.00
# Visual Studio Version 16
VisualStudioVersion = 16.0.30309.148
MinimumVisualStudioVersion = 10.0.40219.1
Project("{FAE04EC0-301F-11D3-BF4B-00C04F79EFBC}") = "Alef-Vinal", "Alef-Vinal\Alef-Vinal.csproj", "{C29B0289-4ADF-4DF6-B3B4-AC2029837C46}"
EndProject
Project("{FAE04EC0-301F-11D3-BF4B-00C04F79EFBC}") = "Alef-Vinal.DataAccess", "Alef-Vinal.DataAccess\Alef-Vinal.DataAccess.csproj", "{8DA97C21-650D-4276-9E1D-E2C64CC1FD0E}"
EndProject
Project("{FAE04EC0-301F-11D3-BF4B-00C04F79EFBC}") = "Alef-Vinal.Services", "Alef-Vinal.Services\Alef-Vinal.Services.csproj", "{0946DC1B-7695-41B4-98E2-CADA9F25919A}"
EndProject
Global
	GlobalSection(SolutionConfigurationPlatforms) = preSolution
		Debug|Any CPU = Debug|Any CPU
		Release|Any CPU = Release|Any CPU
	EndGlobalSection
	GlobalSection(ProjectConfigurationPlatforms) = postSolution
		{C29B0289-4ADF-4DF6-B3B4-AC2029837C46}.Debug|Any CPU.ActiveCfg = Debug|Any CPU
		{C29B0289-4ADF-4DF6-B3B4-AC2029837C46}.Debug|Any CPU.Build.0 = Debug|Any CPU
		{C29B0289-4ADF-4DF6-B3B4-AC2029837C46}.Release|Any CPU.ActiveCfg = Release|Any CPU
		{C29B0289-4ADF-4DF6-B3B4-AC2029837C46}.Release|Any CPU.Build.0 = Release|Any CPU
		{8DA97C21-650D-4276-9E1D-E2C64CC1FD0E}.Debug|Any CPU.ActiveCfg = Debug|Any CPU
		{8DA97C21-650D-4276-9E1D-E2C64CC1FD0E}.Debug|Any CPU.Build.0 = Debug|Any CPU
		{8DA97C21-650D-4276-9E1D-E2C64CC1FD0E}.Release|Any CPU.ActiveCfg = Release|Any CPU
		{8DA97C21-650D-4276-9E1D-E2C64CC1FD0E}.Release|Any CPU.Build.0 = Release|Any CPU
		{0946DC1B-7695-41B4-98E2-CADA9F25919A}.Debug|Any CPU.ActiveCfg = Debug|Any CPU
		{0946DC1B-7695-41B4-98E2-CADA9F25919A}.Debug|Any CPU.Build.0 = Debug|Any CPU
		{0946DC1B-7695-41B4-98E2-CADA9F25919A}.Release|Any CPU.ActiveCfg = Release|Any CPU
		{0946DC1B-7695-41B4-98E2-CADA9F25919A}.Release|Any CPU.Build.0 = Release|Any CPU
	EndGlobalSection
	GlobalSection(SolutionProperties) = preSolution
		HideSolutionNode = FALSE
	EndGlobalSection
	GlobalSection(ExtensibilityGlobals) = postSolution
		SolutionGuid = {50402F75-9F49-45DB-8D34-93BDD21CF542}
	EndGlobalSection
EndGlobal
